
Microsoft Visual Studio Solution File, Format Version 12.00
# Visual Studio Version 17
VisualStudioVersion = 17.14.36121.58 d17.14
MinimumVisualStudioVersion = 10.0.40219.1
Project("{FAE04EC0-301F-11D3-BF4B-00C04F79EFBC}") = "Tarea", "Tarea\Tarea.csproj", "{61B6D528-F625-4668-9C2A-FFB78CE720F8}"
EndProject
Project("{FAE04EC0-301F-11D3-BF4B-00C04F79EFBC}") = "Homeworkone", "Homeworkone\Homeworkone.csproj", "{B6AFA543-4D77-43B5-85FE-5BD76A1D4021}"
EndProject
Global
	GlobalSection(SolutionConfigurationPlatforms) = preSolution
		Debug|Any CPU = Debug|Any CPU
		Release|Any CPU = Release|Any CPU
	EndGlobalSection
	GlobalSection(ProjectConfigurationPlatforms) = postSolution
		{61B6D528-F625-4668-9C2A-FFB78CE720F8}.Debug|Any CPU.ActiveCfg = Debug|Any CPU
		{61B6D528-F625-4668-9C2A-FFB78CE720F8}.Debug|Any CPU.Build.0 = Debug|Any CPU
		{61B6D528-F625-4668-9C2A-FFB78CE720F8}.Release|Any CPU.ActiveCfg = Release|Any CPU
		{61B6D528-F625-4668-9C2A-FFB78CE720F8}.Release|Any CPU.Build.0 = Release|Any CPU
		{B6AFA543-4D77-43B5-85FE-5BD76A1D4021}.Debug|Any CPU.ActiveCfg = Debug|Any CPU
		{B6AFA543-4D77-43B5-85FE-5BD76A1D4021}.Debug|Any CPU.Build.0 = Debug|Any CPU
		{B6AFA543-4D77-43B5-85FE-5BD76A1D4021}.Release|Any CPU.ActiveCfg = Release|Any CPU
		{B6AFA543-4D77-43B5-85FE-5BD76A1D4021}.Release|Any CPU.Build.0 = Release|Any CPU
	EndGlobalSection
	GlobalSection(SolutionProperties) = preSolution
		HideSolutionNode = FALSE
	EndGlobalSection
	GlobalSection(ExtensibilityGlobals) = postSolution
		SolutionGuid = {DABD023D-35EF-4E44-A18D-03DD54603052}
	EndGlobalSection
EndGlobal
